// !$*UTF8*$!
{
	archiveVersion = 1;
	classes = {
	};
	objectVersion = 46;
	objects = {

/* Begin PBXBuildFile section */
		D935FE6F1E03314C006626C9 /* PlaceDetailsViewController.swift in Sources */ = {isa = PBXBuildFile; fileRef = D935FE6E1E03314C006626C9 /* PlaceDetailsViewController.swift */; };
		D9441C581E0219F400C3DBED /* AppDelegate.swift in Sources */ = {isa = PBXBuildFile; fileRef = D9441C571E0219F400C3DBED /* AppDelegate.swift */; };
		D9441C5A1E0219F400C3DBED /* ViewController.swift in Sources */ = {isa = PBXBuildFile; fileRef = D9441C591E0219F400C3DBED /* ViewController.swift */; };
		D9441C5D1E0219F400C3DBED /* Main.storyboard in Resources */ = {isa = PBXBuildFile; fileRef = D9441C5B1E0219F400C3DBED /* Main.storyboard */; };
		D9441C601E0219F400C3DBED /* LocationOfPlaces.xcdatamodeld in Sources */ = {isa = PBXBuildFile; fileRef = D9441C5E1E0219F400C3DBED /* LocationOfPlaces.xcdatamodeld */; };
		D9441C621E0219F400C3DBED /* Assets.xcassets in Resources */ = {isa = PBXBuildFile; fileRef = D9441C611E0219F400C3DBED /* Assets.xcassets */; };
		D9441C651E0219F400C3DBED /* LaunchScreen.storyboard in Resources */ = {isa = PBXBuildFile; fileRef = D9441C631E0219F400C3DBED /* LaunchScreen.storyboard */; };
		D9441C701E0219F400C3DBED /* LocationOfPlacesTests.swift in Sources */ = {isa = PBXBuildFile; fileRef = D9441C6F1E0219F400C3DBED /* LocationOfPlacesTests.swift */; };
		D9441C7B1E0219F400C3DBED /* LocationOfPlacesUITests.swift in Sources */ = {isa = PBXBuildFile; fileRef = D9441C7A1E0219F400C3DBED /* LocationOfPlacesUITests.swift */; };
/* End PBXBuildFile section */

/* Begin PBXContainerItemProxy section */
		D9441C6C1E0219F400C3DBED /* PBXContainerItemProxy */ = {
			isa = PBXContainerItemProxy;
			containerPortal = D9441C4C1E0219F400C3DBED /* Project object */;
			proxyType = 1;
			remoteGlobalIDString = D9441C531E0219F400C3DBED;
			remoteInfo = LocationOfPlaces;
		};
		D9441C771E0219F400C3DBED /* PBXContainerItemProxy */ = {
			isa = PBXContainerItemProxy;
			containerPortal = D9441C4C1E0219F400C3DBED /* Project object */;
			proxyType = 1;
			remoteGlobalIDString = D9441C531E0219F400C3DBED;
			remoteInfo = LocationOfPlaces;
		};
/* End PBXContainerItemProxy section */

/* Begin PBXFileReference section */
		D935FE6E1E03314C006626C9 /* PlaceDetailsViewController.swift */ = {isa = PBXFileReference; fileEncoding = 4; lastKnownFileType = sourcecode.swift; path = PlaceDetailsViewController.swift; sourceTree = "<group>"; };
		D9441C541E0219F400C3DBED /* LocationOfPlaces.app */ = {isa = PBXFileReference; explicitFileType = wrapper.application; includeInIndex = 0; path = LocationOfPlaces.app; sourceTree = BUILT_PRODUCTS_DIR; };
		D9441C571E0219F400C3DBED /* AppDelegate.swift */ = {isa = PBXFileReference; lastKnownFileType = sourcecode.swift; path = AppDelegate.swift; sourceTree = "<group>"; };
		D9441C591E0219F400C3DBED /* ViewController.swift */ = {isa = PBXFileReference; lastKnownFileType = sourcecode.swift; path = ViewController.swift; sourceTree = "<group>"; };
		D9441C5C1E0219F400C3DBED /* Base */ = {isa = PBXFileReference; lastKnownFileType = file.storyboard; name = Base; path = Base.lproj/Main.storyboard; sourceTree = "<group>"; };
		D9441C5F1E0219F400C3DBED /* LocationOfPlaces.xcdatamodel */ = {isa = PBXFileReference; lastKnownFileType = wrapper.xcdatamodel; path = LocationOfPlaces.xcdatamodel; sourceTree = "<group>"; };
		D9441C611E0219F400C3DBED /* Assets.xcassets */ = {isa = PBXFileReference; lastKnownFileType = folder.assetcatalog; path = Assets.xcassets; sourceTree = "<group>"; };
		D9441C641E0219F400C3DBED /* Base */ = {isa = PBXFileReference; lastKnownFileType = file.storyboard; name = Base; path = Base.lproj/LaunchScreen.storyboard; sourceTree = "<group>"; };
		D9441C661E0219F400C3DBED /* Info.plist */ = {isa = PBXFileReference; lastKnownFileType = text.plist.xml; path = Info.plist; sourceTree = "<group>"; };
		D9441C6B1E0219F400C3DBED /* LocationOfPlacesTests.xctest */ = {isa = PBXFileReference; explicitFileType = wrapper.cfbundle; includeInIndex = 0; path = LocationOfPlacesTests.xctest; sourceTree = BUILT_PRODUCTS_DIR; };
		D9441C6F1E0219F400C3DBED /* LocationOfPlacesTests.swift */ = {isa = PBXFileReference; lastKnownFileType = sourcecode.swift; path = LocationOfPlacesTests.swift; sourceTree = "<group>"; };
		D9441C711E0219F400C3DBED /* Info.plist */ = {isa = PBXFileReference; lastKnownFileType = text.plist.xml; path = Info.plist; sourceTree = "<group>"; };
		D9441C761E0219F400C3DBED /* LocationOfPlacesUITests.xctest */ = {isa = PBXFileReference; explicitFileType = wrapper.cfbundle; includeInIndex = 0; path = LocationOfPlacesUITests.xctest; sourceTree = BUILT_PRODUCTS_DIR; };
		D9441C7A1E0219F400C3DBED /* LocationOfPlacesUITests.swift */ = {isa = PBXFileReference; lastKnownFileType = sourcecode.swift; path = LocationOfPlacesUITests.swift; sourceTree = "<group>"; };
		D9441C7C1E0219F400C3DBED /* Info.plist */ = {isa = PBXFileReference; lastKnownFileType = text.plist.xml; path = Info.plist; sourceTree = "<group>"; };
/* End PBXFileReference section */

/* Begin PBXFrameworksBuildPhase section */
		D9441C511E0219F400C3DBED /* Frameworks */ = {
			isa = PBXFrameworksBuildPhase;
			buildActionMask = 2147483647;
			files = (
			);
			runOnlyForDeploymentPostprocessing = 0;
		};
		D9441C681E0219F400C3DBED /* Frameworks */ = {
			isa = PBXFrameworksBuildPhase;
			buildActionMask = 2147483647;
			files = (
			);
			runOnlyForDeploymentPostprocessing = 0;
		};
		D9441C731E0219F400C3DBED /* Frameworks */ = {
			isa = PBXFrameworksBuildPhase;
			buildActionMask = 2147483647;
			files = (
			);
			runOnlyForDeploymentPostprocessing = 0;
		};
/* End PBXFrameworksBuildPhase section */

/* Begin PBXGroup section */
		D9441C4B1E0219F300C3DBED = {
			isa = PBXGroup;
			children = (
				D9441C561E0219F400C3DBED /* LocationOfPlaces */,
				D9441C6E1E0219F400C3DBED /* LocationOfPlacesTests */,
				D9441C791E0219F400C3DBED /* LocationOfPlacesUITests */,
				D9441C551E0219F400C3DBED /* Products */,
			);
			sourceTree = "<group>";
		};
		D9441C551E0219F400C3DBED /* Products */ = {
			isa = PBXGroup;
			children = (
				D9441C541E0219F400C3DBED /* LocationOfPlaces.app */,
				D9441C6B1E0219F400C3DBED /* LocationOfPlacesTests.xctest */,
				D9441C761E0219F400C3DBED /* LocationOfPlacesUITests.xctest */,
			);
			name = Products;
			sourceTree = "<group>";
		};
		D9441C561E0219F400C3DBED /* LocationOfPlaces */ = {
			isa = PBXGroup;
			children = (
				D9441C571E0219F400C3DBED /* AppDelegate.swift */,
				D9441C591E0219F400C3DBED /* ViewController.swift */,
				D935FE6E1E03314C006626C9 /* PlaceDetailsViewController.swift */,
				D9441C5B1E0219F400C3DBED /* Main.storyboard */,
				D9441C611E0219F400C3DBED /* Assets.xcassets */,
				D9441C631E0219F400C3DBED /* LaunchScreen.storyboard */,
				D9441C661E0219F400C3DBED /* Info.plist */,
				D9441C5E1E0219F400C3DBED /* LocationOfPlaces.xcdatamodeld */,
			);
			path = LocationOfPlaces;
			sourceTree = "<group>";
		};
		D9441C6E1E0219F400C3DBED /* LocationOfPlacesTests */ = {
			isa = PBXGroup;
			children = (
				D9441C6F1E0219F400C3DBED /* LocationOfPlacesTests.swift */,
				D9441C711E0219F400C3DBED /* Info.plist */,
			);
			path = LocationOfPlacesTests;
			sourceTree = "<group>";
		};
		D9441C791E0219F400C3DBED /* LocationOfPlacesUITests */ = {
			isa = PBXGroup;
			children = (
				D9441C7A1E0219F400C3DBED /* LocationOfPlacesUITests.swift */,
				D9441C7C1E0219F400C3DBED /* Info.plist */,
			);
			path = LocationOfPlacesUITests;
			sourceTree = "<group>";
		};
/* End PBXGroup section */

/* Begin PBXNativeTarget section */
		D9441C531E0219F400C3DBED /* LocationOfPlaces */ = {
			isa = PBXNativeTarget;
			buildConfigurationList = D9441C7F1E0219F400C3DBED /* Build configuration list for PBXNativeTarget "LocationOfPlaces" */;
			buildPhases = (
				D9441C501E0219F400C3DBED /* Sources */,
				D9441C511E0219F400C3DBED /* Frameworks */,
				D9441C521E0219F400C3DBED /* Resources */,
			);
			buildRules = (
			);
			dependencies = (
			);
			name = LocationOfPlaces;
			productName = LocationOfPlaces;
			productReference = D9441C541E0219F400C3DBED /* LocationOfPlaces.app */;
			productType = "com.apple.product-type.application";
		};
		D9441C6A1E0219F400C3DBED /* LocationOfPlacesTests */ = {
			isa = PBXNativeTarget;
			buildConfigurationList = D9441C821E0219F400C3DBED /* Build configuration list for PBXNativeTarget "LocationOfPlacesTests" */;
			buildPhases = (
				D9441C671E0219F400C3DBED /* Sources */,
				D9441C681E0219F400C3DBED /* Frameworks */,
				D9441C691E0219F400C3DBED /* Resources */,
			);
			buildRules = (
			);
			dependencies = (
				D9441C6D1E0219F400C3DBED /* PBXTargetDependency */,
			);
			name = LocationOfPlacesTests;
			productName = LocationOfPlacesTests;
			productReference = D9441C6B1E0219F400C3DBED /* LocationOfPlacesTests.xctest */;
			productType = "com.apple.product-type.bundle.unit-test";
		};
		D9441C751E0219F400C3DBED /* LocationOfPlacesUITests */ = {
			isa = PBXNativeTarget;
			buildConfigurationList = D9441C851E0219F400C3DBED /* Build configuration list for PBXNativeTarget "LocationOfPlacesUITests" */;
			buildPhases = (
				D9441C721E0219F400C3DBED /* Sources */,
				D9441C731E0219F400C3DBED /* Frameworks */,
				D9441C741E0219F400C3DBED /* Resources */,
			);
			buildRules = (
			);
			dependencies = (
				D9441C781E0219F400C3DBED /* PBXTargetDependency */,
			);
			name = LocationOfPlacesUITests;
			productName = LocationOfPlacesUITests;
			productReference = D9441C761E0219F400C3DBED /* LocationOfPlacesUITests.xctest */;
			productType = "com.apple.product-type.bundle.ui-testing";
		};
/* End PBXNativeTarget section */

/* Begin PBXProject section */
		D9441C4C1E0219F400C3DBED /* Project object */ = {
			isa = PBXProject;
			attributes = {
				LastSwiftUpdateCheck = 0800;
				LastUpgradeCheck = 0800;
				ORGANIZATIONNAME = Fehime;
				TargetAttributes = {
					D9441C531E0219F400C3DBED = {
						CreatedOnToolsVersion = 8.0;
						ProvisioningStyle = Automatic;
					};
					D9441C6A1E0219F400C3DBED = {
						CreatedOnToolsVersion = 8.0;
						ProvisioningStyle = Automatic;
						TestTargetID = D9441C531E0219F400C3DBED;
					};
					D9441C751E0219F400C3DBED = {
						CreatedOnToolsVersion = 8.0;
						ProvisioningStyle = Automatic;
						TestTargetID = D9441C531E0219F400C3DBED;
					};
				};
			};
			buildConfigurationList = D9441C4F1E0219F400C3DBED /* Build configuration list for PBXProject "LocationOfPlaces" */;
			compatibilityVersion = "Xcode 3.2";
			developmentRegion = English;
			hasScannedForEncodings = 0;
			knownRegions = (
				en,
				Base,
			);
			mainGroup = D9441C4B1E0219F300C3DBED;
			productRefGroup = D9441C551E0219F400C3DBED /* Products */;
			projectDirPath = "";
			projectRoot = "";
			targets = (
				D9441C531E0219F400C3DBED /* LocationOfPlaces */,
				D9441C6A1E0219F400C3DBED /* LocationOfPlacesTests */,
				D9441C751E0219F400C3DBED /* LocationOfPlacesUITests */,
			);
		};
/* End PBXProject section */

/* Begin PBXResourcesBuildPhase section */
		D9441C521E0219F400C3DBED /* Resources */ = {
			isa = PBXResourcesBuildPhase;
			buildActionMask = 2147483647;
			files = (
				D9441C651E0219F400C3DBED /* LaunchScreen.storyboard in Resources */,
				D9441C621E0219F400C3DBED /* Assets.xcassets in Resources */,
				D9441C5D1E0219F400C3DBED /* Main.storyboard in Resources */,
			);
			runOnlyForDeploymentPostprocessing = 0;
		};
		D9441C691E0219F400C3DBED /* Resources */ = {
			isa = PBXResourcesBuildPhase;
			buildActionMask = 2147483647;
			files = (
			);
			runOnlyForDeploymentPostprocessing = 0;
		};
		D9441C741E0219F400C3DBED /* Resources */ = {
			isa = PBXResourcesBuildPhase;
			buildActionMask = 2147483647;
			files = (
			);
			runOnlyForDeploymentPostprocessing = 0;
		};
/* End PBXResourcesBuildPhase section */

/* Begin PBXSourcesBuildPhase section */
		D9441C501E0219F400C3DBED /* Sources */ = {
			isa = PBXSourcesBuildPhase;
			buildActionMask = 2147483647;
			files = (
				D9441C5A1E0219F400C3DBED /* ViewController.swift in Sources */,
				D9441C601E0219F400C3DBED /* LocationOfPlaces.xcdatamodeld in Sources */,
				D935FE6F1E03314C006626C9 /* PlaceDetailsViewController.swift in Sources */,
				D9441C581E0219F400C3DBED /* AppDelegate.swift in Sources */,
			);
			runOnlyForDeploymentPostprocessing = 0;
		};
		D9441C671E0219F400C3DBED /* Sources */ = {
			isa = PBXSourcesBuildPhase;
			buildActionMask = 2147483647;
			files = (
				D9441C701E0219F400C3DBED /* LocationOfPlacesTests.swift in Sources */,
			);
			runOnlyForDeploymentPostprocessing = 0;
		};
		D9441C721E0219F400C3DBED /* Sources */ = {
			isa = PBXSourcesBuildPhase;
			buildActionMask = 2147483647;
			files = (
				D9441C7B1E0219F400C3DBED /* LocationOfPlacesUITests.swift in Sources */,
			);
			runOnlyForDeploymentPostprocessing = 0;
		};
/* End PBXSourcesBuildPhase section */

/* Begin PBXTargetDependency section */
		D9441C6D1E0219F400C3DBED /* PBXTargetDependency */ = {
			isa = PBXTargetDependency;
			target = D9441C531E0219F400C3DBED /* LocationOfPlaces */;
			targetProxy = D9441C6C1E0219F400C3DBED /* PBXContainerItemProxy */;
		};
		D9441C781E0219F400C3DBED /* PBXTargetDependency */ = {
			isa = PBXTargetDependency;
			target = D9441C531E0219F400C3DBED /* LocationOfPlaces */;
			targetProxy = D9441C771E0219F400C3DBED /* PBXContainerItemProxy */;
		};
/* End PBXTargetDependency section */

/* Begin PBXVariantGroup section */
		D9441C5B1E0219F400C3DBED /* Main.storyboard */ = {
			isa = PBXVariantGroup;
			children = (
				D9441C5C1E0219F400C3DBED /* Base */,
			);
			name = Main.storyboard;
			sourceTree = "<group>";
		};
		D9441C631E0219F400C3DBED /* LaunchScreen.storyboard */ = {
			isa = PBXVariantGroup;
			children = (
				D9441C641E0219F400C3DBED /* Base */,
			);
			name = LaunchScreen.storyboard;
			sourceTree = "<group>";
		};
/* End PBXVariantGroup section */

/* Begin XCBuildConfiguration section */
		D9441C7D1E0219F400C3DBED /* Debug */ = {
			isa = XCBuildConfiguration;
			buildSettings = {
				ALWAYS_SEARCH_USER_PATHS = NO;
				CLANG_ANALYZER_NONNULL = YES;
				CLANG_CXX_LANGUAGE_STANDARD = "gnu++0x";
				CLANG_CXX_LIBRARY = "libc++";
				CLANG_ENABLE_MODULES = YES;
				CLANG_ENABLE_OBJC_ARC = YES;
				CLANG_WARN_BOOL_CONVERSION = YES;
				CLANG_WARN_CONSTANT_CONVERSION = YES;
				CLANG_WARN_DIRECT_OBJC_ISA_USAGE = YES_ERROR;
				CLANG_WARN_DOCUMENTATION_COMMENTS = YES;
				CLANG_WARN_EMPTY_BODY = YES;
				CLANG_WARN_ENUM_CONVERSION = YES;
				CLANG_WARN_INFINITE_RECURSION = YES;
				CLANG_WARN_INT_CONVERSION = YES;
				CLANG_WARN_OBJC_ROOT_CLASS = YES_ERROR;
				CLANG_WARN_SUSPICIOUS_MOVES = YES;
				CLANG_WARN_UNREACHABLE_CODE = YES;
				CLANG_WARN__DUPLICATE_METHOD_MATCH = YES;
				"CODE_SIGN_IDENTITY[sdk=iphoneos*]" = "iPhone Developer";
				COPY_PHASE_STRIP = NO;
				DEBUG_INFORMATION_FORMAT = dwarf;
				ENABLE_STRICT_OBJC_MSGSEND = YES;
				ENABLE_TESTABILITY = YES;
				GCC_C_LANGUAGE_STANDARD = gnu99;
				GCC_DYNAMIC_NO_PIC = NO;
				GCC_NO_COMMON_BLOCKS = YES;
				GCC_OPTIMIZATION_LEVEL = 0;
				GCC_PREPROCESSOR_DEFINITIONS = (
					"DEBUG=1",
					"$(inherited)",
				);
				GCC_WARN_64_TO_32_BIT_CONVERSION = YES;
				GCC_WARN_ABOUT_RETURN_TYPE = YES_ERROR;
				GCC_WARN_UNDECLARED_SELECTOR = YES;
				GCC_WARN_UNINITIALIZED_AUTOS = YES_AGGRESSIVE;
				GCC_WARN_UNUSED_FUNCTION = YES;
				GCC_WARN_UNUSED_VARIABLE = YES;
				IPHONEOS_DEPLOYMENT_TARGET = 10.0;
				MTL_ENABLE_DEBUG_INFO = YES;
				ONLY_ACTIVE_ARCH = YES;
				SDKROOT = iphoneos;
				SWIFT_ACTIVE_COMPILATION_CONDITIONS = DEBUG;
				SWIFT_OPTIMIZATION_LEVEL = "-Onone";
			};
			name = Debug;
		};
		D9441C7E1E0219F400C3DBED /* Release */ = {
			isa = XCBuildConfiguration;
			buildSettings = {
				ALWAYS_SEARCH_USER_PATHS = NO;
				CLANG_ANALYZER_NONNULL = YES;
				CLANG_CXX_LANGUAGE_STANDARD = "gnu++0x";
				CLANG_CXX_LIBRARY = "libc++";
				CLANG_ENABLE_MODULES = YES;
				CLANG_ENABLE_OBJC_ARC = YES;
				CLANG_WARN_BOOL_CONVERSION = YES;
				CLANG_WARN_CONSTANT_CONVERSION = YES;
				CLANG_WARN_DIRECT_OBJC_ISA_USAGE = YES_ERROR;
				CLANG_WARN_DOCUMENTATION_COMMENTS = YES;
				CLANG_WARN_EMPTY_BODY = YES;
				CLANG_WARN_ENUM_CONVERSION = YES;
				CLANG_WARN_INFINITE_RECURSION = YES;
				CLANG_WARN_INT_CONVERSION = YES;
				CLANG_WARN_OBJC_ROOT_CLASS = YES_ERROR;
				CLANG_WARN_SUSPICIOUS_MOVES = YES;
				CLANG_WARN_UNREACHABLE_CODE = YES;
				CLANG_WARN__DUPLICATE_METHOD_MATCH = YES;
				"CODE_SIGN_IDENTITY[sdk=iphoneos*]" = "iPhone Developer";
				COPY_PHASE_STRIP = NO;
				DEBUG_INFORMATION_FORMAT = "dwarf-with-dsym";
				ENABLE_NS_ASSERTIONS = NO;
				ENABLE_STRICT_OBJC_MSGSEND = YES;
				GCC_C_LANGUAGE_STANDARD = gnu99;
				GCC_NO_COMMON_BLOCKS = YES;
				GCC_WARN_64_TO_32_BIT_CONVERSION = YES;
				GCC_WARN_ABOUT_RETURN_TYPE = YES_ERROR;
				GCC_WARN_UNDECLARED_SELECTOR = YES;
				GCC_WARN_UNINITIALIZED_AUTOS = YES_AGGRESSIVE;
				GCC_WARN_UNUSED_FUNCTION = YES;
				GCC_WARN_UNUSED_VARIABLE = YES;
				IPHONEOS_DEPLOYMENT_TARGET = 10.0;
				MTL_ENABLE_DEBUG_INFO = NO;
				SDKROOT = iphoneos;
				SWIFT_OPTIMIZATION_LEVEL = "-Owholemodule";
				VALIDATE_PRODUCT = YES;
			};
			name = Release;
		};
		D9441C801E0219F400C3DBED /* Debug */ = {
			isa = XCBuildConfiguration;
			buildSettings = {
				ASSETCATALOG_COMPILER_APPICON_NAME = AppIcon;
				INFOPLIST_FILE = LocationOfPlaces/Info.plist;
				LD_RUNPATH_SEARCH_PATHS = "$(inherited) @executable_path/Frameworks";
				PRODUCT_BUNDLE_IDENTIFIER = com.liverpool.fehime.LocationOfPlaces;
				PRODUCT_NAME = "$(TARGET_NAME)";
				SWIFT_VERSION = 3.0;
			};
			name = Debug;
		};
		D9441C811E0219F400C3DBED /* Release */ = {
			isa = XCBuildConfiguration;
			buildSettings = {
				ASSETCATALOG_COMPILER_APPICON_NAME = AppIcon;
				INFOPLIST_FILE = LocationOfPlaces/Info.plist;
				LD_RUNPATH_SEARCH_PATHS = "$(inherited) @executable_path/Frameworks";
				PRODUCT_BUNDLE_IDENTIFIER = com.liverpool.fehime.LocationOfPlaces;
				PRODUCT_NAME = "$(TARGET_NAME)";
				SWIFT_VERSION = 3.0;
			};
			name = Release;
		};
		D9441C831E0219F400C3DBED /* Debug */ = {
			isa = XCBuildConfiguration;
			buildSettings = {
				ALWAYS_EMBED_SWIFT_STANDARD_LIBRARIES = YES;
				BUNDLE_LOADER = "$(TEST_HOST)";
				INFOPLIST_FILE = LocationOfPlacesTests/Info.plist;
				LD_RUNPATH_SEARCH_PATHS = "$(inherited) @executable_path/Frameworks @loader_path/Frameworks";
				PRODUCT_BUNDLE_IDENTIFIER = com.liverpool.fehime.LocationOfPlacesTests;
				PRODUCT_NAME = "$(TARGET_NAME)";
				SWIFT_VERSION = 3.0;
				TEST_HOST = "$(BUILT_PRODUCTS_DIR)/LocationOfPlaces.app/LocationOfPlaces";
			};
			name = Debug;
		};
		D9441C841E0219F400C3DBED /* Release */ = {
			isa = XCBuildConfiguration;
			buildSettings = {
				ALWAYS_EMBED_SWIFT_STANDARD_LIBRARIES = YES;
				BUNDLE_LOADER = "$(TEST_HOST)";
				INFOPLIST_FILE = LocationOfPlacesTests/Info.plist;
				LD_RUNPATH_SEARCH_PATHS = "$(inherited) @executable_path/Frameworks @loader_path/Frameworks";
				PRODUCT_BUNDLE_IDENTIFIER = com.liverpool.fehime.LocationOfPlacesTests;
				PRODUCT_NAME = "$(TARGET_NAME)";
				SWIFT_VERSION = 3.0;
				TEST_HOST = "$(BUILT_PRODUCTS_DIR)/LocationOfPlaces.app/LocationOfPlaces";
			};
			name = Release;
		};
		D9441C861E0219F400C3DBED /* Debug */ = {
			isa = XCBuildConfiguration;
			buildSettings = {
				ALWAYS_EMBED_SWIFT_STANDARD_LIBRARIES = YES;
				INFOPLIST_FILE = LocationOfPlacesUITests/Info.plist;
				LD_RUNPATH_SEARCH_PATHS = "$(inherited) @executable_path/Frameworks @loader_path/Frameworks";
				PRODUCT_BUNDLE_IDENTIFIER = com.liverpool.fehime.LocationOfPlacesUITests;
				PRODUCT_NAME = "$(TARGET_NAME)";
				SWIFT_VERSION = 3.0;
				TEST_TARGET_NAME = LocationOfPlaces;
			};
			name = Debug;
		};
		D9441C871E0219F400C3DBED /* Release */ = {
			isa = XCBuildConfiguration;
			buildSettings = {
				ALWAYS_EMBED_SWIFT_STANDARD_LIBRARIES = YES;
				INFOPLIST_FILE = LocationOfPlacesUITests/Info.plist;
				LD_RUNPATH_SEARCH_PATHS = "$(inherited) @executable_path/Frameworks @loader_path/Frameworks";
				PRODUCT_BUNDLE_IDENTIFIER = com.liverpool.fehime.LocationOfPlacesUITests;
				PRODUCT_NAME = "$(TARGET_NAME)";
				SWIFT_VERSION = 3.0;
				TEST_TARGET_NAME = LocationOfPlaces;
			};
			name = Release;
		};
/* End XCBuildConfiguration section */

/* Begin XCConfigurationList section */
		D9441C4F1E0219F400C3DBED /* Build configuration list for PBXProject "LocationOfPlaces" */ = {
			isa = XCConfigurationList;
			buildConfigurations = (
				D9441C7D1E0219F400C3DBED /* Debug */,
				D9441C7E1E0219F400C3DBED /* Release */,
			);
			defaultConfigurationIsVisible = 0;
			defaultConfigurationName = Release;
		};
		D9441C7F1E0219F400C3DBED /* Build configuration list for PBXNativeTarget "LocationOfPlaces" */ = {
			isa = XCConfigurationList;
			buildConfigurations = (
				D9441C801E0219F400C3DBED /* Debug */,
				D9441C811E0219F400C3DBED /* Release */,
			);
			defaultConfigurationIsVisible = 0;
			defaultConfigurationName = Release;
		};
		D9441C821E0219F400C3DBED /* Build configuration list for PBXNativeTarget "LocationOfPlacesTests" */ = {
			isa = XCConfigurationList;
			buildConfigurations = (
				D9441C831E0219F400C3DBED /* Debug */,
				D9441C841E0219F400C3DBED /* Release */,
			);
			defaultConfigurationIsVisible = 0;
			defaultConfigurationName = Release;
		};
		D9441C851E0219F400C3DBED /* Build configuration list for PBXNativeTarget "LocationOfPlacesUITests" */ = {
			isa = XCConfigurationList;
			buildConfigurations = (
				D9441C861E0219F400C3DBED /* Debug */,
				D9441C871E0219F400C3DBED /* Release */,
			);
			defaultConfigurationIsVisible = 0;
			defaultConfigurationName = Release;
		};
/* End XCConfigurationList section */

/* Begin XCVersionGroup section */
		D9441C5E1E0219F400C3DBED /* LocationOfPlaces.xcdatamodeld */ = {
			isa = XCVersionGroup;
			children = (
				D9441C5F1E0219F400C3DBED /* LocationOfPlaces.xcdatamodel */,
			);
			currentVersion = D9441C5F1E0219F400C3DBED /* LocationOfPlaces.xcdatamodel */;
			path = LocationOfPlaces.xcdatamodeld;
			sourceTree = "<group>";
			versionGroupType = wrapper.xcdatamodel;
		};
/* End XCVersionGroup section */
	};
	rootObject = D9441C4C1E0219F400C3DBED /* Project object */;
}
